// !$*UTF8*$!
{
	archiveVersion = 1;
	classes = {
	};
	objectVersion = 50;
	objects = {

/* Begin PBXBuildFile section */
		3E6A290820F30B54000387E9 /* AppDelegate.m in Sources */ = {isa = PBXBuildFile; fileRef = 3E6A290720F30B54000387E9 /* AppDelegate.m */; };
		3E6A290E20F30B54000387E9 /* Main.storyboard in Resources */ = {isa = PBXBuildFile; fileRef = 3E6A290C20F30B54000387E9 /* Main.storyboard */; };
		3E6A291020F30B56000387E9 /* Assets.xcassets in Resources */ = {isa = PBXBuildFile; fileRef = 3E6A290F20F30B56000387E9 /* Assets.xcassets */; };
		3E6A291320F30B56000387E9 /* LaunchScreen.storyboard in Resources */ = {isa = PBXBuildFile; fileRef = 3E6A291120F30B56000387E9 /* LaunchScreen.storyboard */; };
		3E6A291620F30B56000387E9 /* main.m in Sources */ = {isa = PBXBuildFile; fileRef = 3E6A291520F30B56000387E9 /* main.m */; };
		3E6A292020F30B56000387E9 /* parseChatTests.m in Sources */ = {isa = PBXBuildFile; fileRef = 3E6A291F20F30B56000387E9 /* parseChatTests.m */; };
		3E6A292B20F30B56000387E9 /* parseChatUITests.m in Sources */ = {isa = PBXBuildFile; fileRef = 3E6A292A20F30B56000387E9 /* parseChatUITests.m */; };
		3E6A297820F31104000387E9 /* LoginViewController.m in Sources */ = {isa = PBXBuildFile; fileRef = 3E6A297720F31104000387E9 /* LoginViewController.m */; };
		3E795DBA20F3DE5E00B93B4C /* ChatViewController.m in Sources */ = {isa = PBXBuildFile; fileRef = 3E795DB920F3DE5E00B93B4C /* ChatViewController.m */; };
		3E795DBD20F3E31E00B93B4C /* ChatCell.m in Sources */ = {isa = PBXBuildFile; fileRef = 3E795DBC20F3E31E00B93B4C /* ChatCell.m */; };
		D824E48889A5DC8748DC2DD9 /* libPods-parseChatUITests.a in Frameworks */ = {isa = PBXBuildFile; fileRef = 85598F6C01C9ACBF6C7EBA8F /* libPods-parseChatUITests.a */; };
		EBF97154CB7B7D997FAF26FB /* libPods-parseChat.a in Frameworks */ = {isa = PBXBuildFile; fileRef = A7CD91B1389E8194BDCF0C65 /* libPods-parseChat.a */; };
		F733C9E01BA65436C6C85B6D /* libPods-parseChatTests.a in Frameworks */ = {isa = PBXBuildFile; fileRef = E0CC7A295C571767E8E504E6 /* libPods-parseChatTests.a */; };
/* End PBXBuildFile section */

/* Begin PBXContainerItemProxy section */
		3E6A291C20F30B56000387E9 /* PBXContainerItemProxy */ = {
			isa = PBXContainerItemProxy;
			containerPortal = 3E6A28FB20F30B54000387E9 /* Project object */;
			proxyType = 1;
			remoteGlobalIDString = 3E6A290220F30B54000387E9;
			remoteInfo = parseChat;
		};
		3E6A292720F30B56000387E9 /* PBXContainerItemProxy */ = {
			isa = PBXContainerItemProxy;
			containerPortal = 3E6A28FB20F30B54000387E9 /* Project object */;
			proxyType = 1;
			remoteGlobalIDString = 3E6A290220F30B54000387E9;
			remoteInfo = parseChat;
		};
/* End PBXContainerItemProxy section */

/* Begin PBXFileReference section */
		3E6A290320F30B54000387E9 /* parseChat.app */ = {isa = PBXFileReference; explicitFileType = wrapper.application; includeInIndex = 0; path = parseChat.app; sourceTree = BUILT_PRODUCTS_DIR; };
		3E6A290620F30B54000387E9 /* AppDelegate.h */ = {isa = PBXFileReference; lastKnownFileType = sourcecode.c.h; path = AppDelegate.h; sourceTree = "<group>"; };
		3E6A290720F30B54000387E9 /* AppDelegate.m */ = {isa = PBXFileReference; lastKnownFileType = sourcecode.c.objc; path = AppDelegate.m; sourceTree = "<group>"; };
		3E6A290D20F30B54000387E9 /* Base */ = {isa = PBXFileReference; lastKnownFileType = file.storyboard; name = Base; path = Base.lproj/Main.storyboard; sourceTree = "<group>"; };
		3E6A290F20F30B56000387E9 /* Assets.xcassets */ = {isa = PBXFileReference; lastKnownFileType = folder.assetcatalog; path = Assets.xcassets; sourceTree = "<group>"; };
		3E6A291220F30B56000387E9 /* Base */ = {isa = PBXFileReference; lastKnownFileType = file.storyboard; name = Base; path = Base.lproj/LaunchScreen.storyboard; sourceTree = "<group>"; };
		3E6A291420F30B56000387E9 /* Info.plist */ = {isa = PBXFileReference; lastKnownFileType = text.plist.xml; path = Info.plist; sourceTree = "<group>"; };
		3E6A291520F30B56000387E9 /* main.m */ = {isa = PBXFileReference; lastKnownFileType = sourcecode.c.objc; path = main.m; sourceTree = "<group>"; };
		3E6A291B20F30B56000387E9 /* parseChatTests.xctest */ = {isa = PBXFileReference; explicitFileType = wrapper.cfbundle; includeInIndex = 0; path = parseChatTests.xctest; sourceTree = BUILT_PRODUCTS_DIR; };
		3E6A291F20F30B56000387E9 /* parseChatTests.m */ = {isa = PBXFileReference; lastKnownFileType = sourcecode.c.objc; path = parseChatTests.m; sourceTree = "<group>"; };
		3E6A292120F30B56000387E9 /* Info.plist */ = {isa = PBXFileReference; lastKnownFileType = text.plist.xml; path = Info.plist; sourceTree = "<group>"; };
		3E6A292620F30B56000387E9 /* parseChatUITests.xctest */ = {isa = PBXFileReference; explicitFileType = wrapper.cfbundle; includeInIndex = 0; path = parseChatUITests.xctest; sourceTree = BUILT_PRODUCTS_DIR; };
		3E6A292A20F30B56000387E9 /* parseChatUITests.m */ = {isa = PBXFileReference; lastKnownFileType = sourcecode.c.objc; path = parseChatUITests.m; sourceTree = "<group>"; };
		3E6A292C20F30B56000387E9 /* Info.plist */ = {isa = PBXFileReference; lastKnownFileType = text.plist.xml; path = Info.plist; sourceTree = "<group>"; };
		3E6A297620F31104000387E9 /* LoginViewController.h */ = {isa = PBXFileReference; lastKnownFileType = sourcecode.c.h; path = LoginViewController.h; sourceTree = "<group>"; };
		3E6A297720F31104000387E9 /* LoginViewController.m */ = {isa = PBXFileReference; lastKnownFileType = sourcecode.c.objc; path = LoginViewController.m; sourceTree = "<group>"; };
		3E795DB820F3DE5E00B93B4C /* ChatViewController.h */ = {isa = PBXFileReference; lastKnownFileType = sourcecode.c.h; path = ChatViewController.h; sourceTree = "<group>"; };
		3E795DB920F3DE5E00B93B4C /* ChatViewController.m */ = {isa = PBXFileReference; lastKnownFileType = sourcecode.c.objc; path = ChatViewController.m; sourceTree = "<group>"; };
		3E795DBB20F3E31E00B93B4C /* ChatCell.h */ = {isa = PBXFileReference; lastKnownFileType = sourcecode.c.h; path = ChatCell.h; sourceTree = "<group>"; };
		3E795DBC20F3E31E00B93B4C /* ChatCell.m */ = {isa = PBXFileReference; lastKnownFileType = sourcecode.c.objc; path = ChatCell.m; sourceTree = "<group>"; };
		42A4829D399FC1F87A946315 /* Pods-parseChatUITests.debug.xcconfig */ = {isa = PBXFileReference; includeInIndex = 1; lastKnownFileType = text.xcconfig; name = "Pods-parseChatUITests.debug.xcconfig"; path = "Pods/Target Support Files/Pods-parseChatUITests/Pods-parseChatUITests.debug.xcconfig"; sourceTree = "<group>"; };
		56C2084F7271E650A9213CF6 /* Pods-parseChatTests.release.xcconfig */ = {isa = PBXFileReference; includeInIndex = 1; lastKnownFileType = text.xcconfig; name = "Pods-parseChatTests.release.xcconfig"; path = "Pods/Target Support Files/Pods-parseChatTests/Pods-parseChatTests.release.xcconfig"; sourceTree = "<group>"; };
		68507CA7A016B7F0789B07BA /* Pods-parseChat.release.xcconfig */ = {isa = PBXFileReference; includeInIndex = 1; lastKnownFileType = text.xcconfig; name = "Pods-parseChat.release.xcconfig"; path = "Pods/Target Support Files/Pods-parseChat/Pods-parseChat.release.xcconfig"; sourceTree = "<group>"; };
		762ACBADFC8FA77877404E2B /* Pods-parseChatUITests.release.xcconfig */ = {isa = PBXFileReference; includeInIndex = 1; lastKnownFileType = text.xcconfig; name = "Pods-parseChatUITests.release.xcconfig"; path = "Pods/Target Support Files/Pods-parseChatUITests/Pods-parseChatUITests.release.xcconfig"; sourceTree = "<group>"; };
		85598F6C01C9ACBF6C7EBA8F /* libPods-parseChatUITests.a */ = {isa = PBXFileReference; explicitFileType = archive.ar; includeInIndex = 0; path = "libPods-parseChatUITests.a"; sourceTree = BUILT_PRODUCTS_DIR; };
		A7CD91B1389E8194BDCF0C65 /* libPods-parseChat.a */ = {isa = PBXFileReference; explicitFileType = archive.ar; includeInIndex = 0; path = "libPods-parseChat.a"; sourceTree = BUILT_PRODUCTS_DIR; };
		C55D74EA96B9246C503A2248 /* Pods-parseChat.debug.xcconfig */ = {isa = PBXFileReference; includeInIndex = 1; lastKnownFileType = text.xcconfig; name = "Pods-parseChat.debug.xcconfig"; path = "Pods/Target Support Files/Pods-parseChat/Pods-parseChat.debug.xcconfig"; sourceTree = "<group>"; };
		D137E4A97149CD4D36AE3B27 /* Pods-parseChatTests.debug.xcconfig */ = {isa = PBXFileReference; includeInIndex = 1; lastKnownFileType = text.xcconfig; name = "Pods-parseChatTests.debug.xcconfig"; path = "Pods/Target Support Files/Pods-parseChatTests/Pods-parseChatTests.debug.xcconfig"; sourceTree = "<group>"; };
		E0CC7A295C571767E8E504E6 /* libPods-parseChatTests.a */ = {isa = PBXFileReference; explicitFileType = archive.ar; includeInIndex = 0; path = "libPods-parseChatTests.a"; sourceTree = BUILT_PRODUCTS_DIR; };
/* End PBXFileReference section */

/* Begin PBXFrameworksBuildPhase section */
		3E6A290020F30B54000387E9 /* Frameworks */ = {
			isa = PBXFrameworksBuildPhase;
			buildActionMask = 2147483647;
			files = (
				EBF97154CB7B7D997FAF26FB /* libPods-parseChat.a in Frameworks */,
			);
			runOnlyForDeploymentPostprocessing = 0;
		};
		3E6A291820F30B56000387E9 /* Frameworks */ = {
			isa = PBXFrameworksBuildPhase;
			buildActionMask = 2147483647;
			files = (
				F733C9E01BA65436C6C85B6D /* libPods-parseChatTests.a in Frameworks */,
			);
			runOnlyForDeploymentPostprocessing = 0;
		};
		3E6A292320F30B56000387E9 /* Frameworks */ = {
			isa = PBXFrameworksBuildPhase;
			buildActionMask = 2147483647;
			files = (
				D824E48889A5DC8748DC2DD9 /* libPods-parseChatUITests.a in Frameworks */,
			);
			runOnlyForDeploymentPostprocessing = 0;
		};
/* End PBXFrameworksBuildPhase section */

/* Begin PBXGroup section */
		11EA88676C0FCD94FE65A47B /* Pods */ = {
			isa = PBXGroup;
			children = (
				C55D74EA96B9246C503A2248 /* Pods-parseChat.debug.xcconfig */,
				68507CA7A016B7F0789B07BA /* Pods-parseChat.release.xcconfig */,
				D137E4A97149CD4D36AE3B27 /* Pods-parseChatTests.debug.xcconfig */,
				56C2084F7271E650A9213CF6 /* Pods-parseChatTests.release.xcconfig */,
				42A4829D399FC1F87A946315 /* Pods-parseChatUITests.debug.xcconfig */,
				762ACBADFC8FA77877404E2B /* Pods-parseChatUITests.release.xcconfig */,
			);
			name = Pods;
			sourceTree = "<group>";
		};
		2B4467EAC7AEE2473340C7AB /* Frameworks */ = {
			isa = PBXGroup;
			children = (
				A7CD91B1389E8194BDCF0C65 /* libPods-parseChat.a */,
				E0CC7A295C571767E8E504E6 /* libPods-parseChatTests.a */,
				85598F6C01C9ACBF6C7EBA8F /* libPods-parseChatUITests.a */,
			);
			name = Frameworks;
			sourceTree = "<group>";
		};
		3E6A28FA20F30B54000387E9 = {
			isa = PBXGroup;
			children = (
				3E6A290520F30B54000387E9 /* parseChat */,
				3E6A291E20F30B56000387E9 /* parseChatTests */,
				3E6A292920F30B56000387E9 /* parseChatUITests */,
				3E6A290420F30B54000387E9 /* Products */,
				11EA88676C0FCD94FE65A47B /* Pods */,
				2B4467EAC7AEE2473340C7AB /* Frameworks */,
			);
			sourceTree = "<group>";
		};
		3E6A290420F30B54000387E9 /* Products */ = {
			isa = PBXGroup;
			children = (
				3E6A290320F30B54000387E9 /* parseChat.app */,
				3E6A291B20F30B56000387E9 /* parseChatTests.xctest */,
				3E6A292620F30B56000387E9 /* parseChatUITests.xctest */,
			);
			name = Products;
			sourceTree = "<group>";
		};
		3E6A290520F30B54000387E9 /* parseChat */ = {
			isa = PBXGroup;
			children = (
				3E6A290620F30B54000387E9 /* AppDelegate.h */,
				3E6A290720F30B54000387E9 /* AppDelegate.m */,
				3E6A297620F31104000387E9 /* LoginViewController.h */,
				3E6A297720F31104000387E9 /* LoginViewController.m */,
				3E6A290C20F30B54000387E9 /* Main.storyboard */,
				3E795DBB20F3E31E00B93B4C /* ChatCell.h */,
				3E795DBC20F3E31E00B93B4C /* ChatCell.m */,
				3E795DB820F3DE5E00B93B4C /* ChatViewController.h */,
				3E795DB920F3DE5E00B93B4C /* ChatViewController.m */,
				3E6A290F20F30B56000387E9 /* Assets.xcassets */,
				3E6A291120F30B56000387E9 /* LaunchScreen.storyboard */,
				3E6A291420F30B56000387E9 /* Info.plist */,
				3E6A291520F30B56000387E9 /* main.m */,
			);
			path = parseChat;
			sourceTree = "<group>";
		};
		3E6A291E20F30B56000387E9 /* parseChatTests */ = {
			isa = PBXGroup;
			children = (
				3E6A291F20F30B56000387E9 /* parseChatTests.m */,
				3E6A292120F30B56000387E9 /* Info.plist */,
			);
			path = parseChatTests;
			sourceTree = "<group>";
		};
		3E6A292920F30B56000387E9 /* parseChatUITests */ = {
			isa = PBXGroup;
			children = (
				3E6A292A20F30B56000387E9 /* parseChatUITests.m */,
				3E6A292C20F30B56000387E9 /* Info.plist */,
			);
			path = parseChatUITests;
			sourceTree = "<group>";
		};
/* End PBXGroup section */

/* Begin PBXNativeTarget section */
		3E6A290220F30B54000387E9 /* parseChat */ = {
			isa = PBXNativeTarget;
			buildConfigurationList = 3E6A292F20F30B56000387E9 /* Build configuration list for PBXNativeTarget "parseChat" */;
			buildPhases = (
				98DBA621D5B5965DD7804340 /* [CP] Check Pods Manifest.lock */,
				3E6A28FF20F30B54000387E9 /* Sources */,
				3E6A290020F30B54000387E9 /* Frameworks */,
				3E6A290120F30B54000387E9 /* Resources */,
				F730F0699FAC570B0382F824 /* [CP] Copy Pods Resources */,
			);
			buildRules = (
			);
			dependencies = (
			);
			name = parseChat;
			productName = parseChat;
			productReference = 3E6A290320F30B54000387E9 /* parseChat.app */;
			productType = "com.apple.product-type.application";
		};
		3E6A291A20F30B56000387E9 /* parseChatTests */ = {
			isa = PBXNativeTarget;
			buildConfigurationList = 3E6A293220F30B56000387E9 /* Build configuration list for PBXNativeTarget "parseChatTests" */;
			buildPhases = (
				56F5E584785D402E66E113B1 /* [CP] Check Pods Manifest.lock */,
				3E6A291720F30B56000387E9 /* Sources */,
				3E6A291820F30B56000387E9 /* Frameworks */,
				3E6A291920F30B56000387E9 /* Resources */,
			);
			buildRules = (
			);
			dependencies = (
				3E6A291D20F30B56000387E9 /* PBXTargetDependency */,
			);
			name = parseChatTests;
			productName = parseChatTests;
			productReference = 3E6A291B20F30B56000387E9 /* parseChatTests.xctest */;
			productType = "com.apple.product-type.bundle.unit-test";
		};
		3E6A292520F30B56000387E9 /* parseChatUITests */ = {
			isa = PBXNativeTarget;
			buildConfigurationList = 3E6A293520F30B56000387E9 /* Build configuration list for PBXNativeTarget "parseChatUITests" */;
			buildPhases = (
				A7B986A01536B223AECDBDAF /* [CP] Check Pods Manifest.lock */,
				3E6A292220F30B56000387E9 /* Sources */,
				3E6A292320F30B56000387E9 /* Frameworks */,
				3E6A292420F30B56000387E9 /* Resources */,
			);
			buildRules = (
			);
			dependencies = (
				3E6A292820F30B56000387E9 /* PBXTargetDependency */,
			);
			name = parseChatUITests;
			productName = parseChatUITests;
			productReference = 3E6A292620F30B56000387E9 /* parseChatUITests.xctest */;
			productType = "com.apple.product-type.bundle.ui-testing";
		};
/* End PBXNativeTarget section */

/* Begin PBXProject section */
		3E6A28FB20F30B54000387E9 /* Project object */ = {
			isa = PBXProject;
			attributes = {
				LastUpgradeCheck = 0940;
				ORGANIZATIONNAME = "Lizbeth Alejandra Gonzalez";
				TargetAttributes = {
					3E6A290220F30B54000387E9 = {
						CreatedOnToolsVersion = 9.4.1;
					};
					3E6A291A20F30B56000387E9 = {
						CreatedOnToolsVersion = 9.4.1;
						TestTargetID = 3E6A290220F30B54000387E9;
					};
					3E6A292520F30B56000387E9 = {
						CreatedOnToolsVersion = 9.4.1;
						TestTargetID = 3E6A290220F30B54000387E9;
					};
				};
			};
			buildConfigurationList = 3E6A28FE20F30B54000387E9 /* Build configuration list for PBXProject "parseChat" */;
			compatibilityVersion = "Xcode 9.3";
			developmentRegion = en;
			hasScannedForEncodings = 0;
			knownRegions = (
				en,
				Base,
			);
			mainGroup = 3E6A28FA20F30B54000387E9;
			productRefGroup = 3E6A290420F30B54000387E9 /* Products */;
			projectDirPath = "";
			projectRoot = "";
			targets = (
				3E6A290220F30B54000387E9 /* parseChat */,
				3E6A291A20F30B56000387E9 /* parseChatTests */,
				3E6A292520F30B56000387E9 /* parseChatUITests */,
			);
		};
/* End PBXProject section */

/* Begin PBXResourcesBuildPhase section */
		3E6A290120F30B54000387E9 /* Resources */ = {
			isa = PBXResourcesBuildPhase;
			buildActionMask = 2147483647;
			files = (
				3E6A291320F30B56000387E9 /* LaunchScreen.storyboard in Resources */,
				3E6A291020F30B56000387E9 /* Assets.xcassets in Resources */,
				3E6A290E20F30B54000387E9 /* Main.storyboard in Resources */,
			);
			runOnlyForDeploymentPostprocessing = 0;
		};
		3E6A291920F30B56000387E9 /* Resources */ = {
			isa = PBXResourcesBuildPhase;
			buildActionMask = 2147483647;
			files = (
			);
			runOnlyForDeploymentPostprocessing = 0;
		};
		3E6A292420F30B56000387E9 /* Resources */ = {
			isa = PBXResourcesBuildPhase;
			buildActionMask = 2147483647;
			files = (
			);
			runOnlyForDeploymentPostprocessing = 0;
		};
/* End PBXResourcesBuildPhase section */

/* Begin PBXShellScriptBuildPhase section */
		56F5E584785D402E66E113B1 /* [CP] Check Pods Manifest.lock */ = {
			isa = PBXShellScriptBuildPhase;
			buildActionMask = 2147483647;
			files = (
			);
			inputPaths = (
				"${PODS_PODFILE_DIR_PATH}/Podfile.lock",
				"${PODS_ROOT}/Manifest.lock",
			);
			name = "[CP] Check Pods Manifest.lock";
			outputPaths = (
				"$(DERIVED_FILE_DIR)/Pods-parseChatTests-checkManifestLockResult.txt",
			);
			runOnlyForDeploymentPostprocessing = 0;
			shellPath = /bin/sh;
			shellScript = "diff \"${PODS_PODFILE_DIR_PATH}/Podfile.lock\" \"${PODS_ROOT}/Manifest.lock\" > /dev/null\nif [ $? != 0 ] ; then\n    # print error to STDERR\n    echo \"error: The sandbox is not in sync with the Podfile.lock. Run 'pod install' or update your CocoaPods installation.\" >&2\n    exit 1\nfi\n# This output is used by Xcode 'outputs' to avoid re-running this script phase.\necho \"SUCCESS\" > \"${SCRIPT_OUTPUT_FILE_0}\"\n";
			showEnvVarsInLog = 0;
		};
		98DBA621D5B5965DD7804340 /* [CP] Check Pods Manifest.lock */ = {
			isa = PBXShellScriptBuildPhase;
			buildActionMask = 2147483647;
			files = (
			);
			inputPaths = (
				"${PODS_PODFILE_DIR_PATH}/Podfile.lock",
				"${PODS_ROOT}/Manifest.lock",
			);
			name = "[CP] Check Pods Manifest.lock";
			outputPaths = (
				"$(DERIVED_FILE_DIR)/Pods-parseChat-checkManifestLockResult.txt",
			);
			runOnlyForDeploymentPostprocessing = 0;
			shellPath = /bin/sh;
			shellScript = "diff \"${PODS_PODFILE_DIR_PATH}/Podfile.lock\" \"${PODS_ROOT}/Manifest.lock\" > /dev/null\nif [ $? != 0 ] ; then\n    # print error to STDERR\n    echo \"error: The sandbox is not in sync with the Podfile.lock. Run 'pod install' or update your CocoaPods installation.\" >&2\n    exit 1\nfi\n# This output is used by Xcode 'outputs' to avoid re-running this script phase.\necho \"SUCCESS\" > \"${SCRIPT_OUTPUT_FILE_0}\"\n";
			showEnvVarsInLog = 0;
		};
		A7B986A01536B223AECDBDAF /* [CP] Check Pods Manifest.lock */ = {
			isa = PBXShellScriptBuildPhase;
			buildActionMask = 2147483647;
			files = (
			);
			inputPaths = (
				"${PODS_PODFILE_DIR_PATH}/Podfile.lock",
				"${PODS_ROOT}/Manifest.lock",
			);
			name = "[CP] Check Pods Manifest.lock";
			outputPaths = (
				"$(DERIVED_FILE_DIR)/Pods-parseChatUITests-checkManifestLockResult.txt",
			);
			runOnlyForDeploymentPostprocessing = 0;
			shellPath = /bin/sh;
			shellScript = "diff \"${PODS_PODFILE_DIR_PATH}/Podfile.lock\" \"${PODS_ROOT}/Manifest.lock\" > /dev/null\nif [ $? != 0 ] ; then\n    # print error to STDERR\n    echo \"error: The sandbox is not in sync with the Podfile.lock. Run 'pod install' or update your CocoaPods installation.\" >&2\n    exit 1\nfi\n# This output is used by Xcode 'outputs' to avoid re-running this script phase.\necho \"SUCCESS\" > \"${SCRIPT_OUTPUT_FILE_0}\"\n";
			showEnvVarsInLog = 0;
		};
		F730F0699FAC570B0382F824 /* [CP] Copy Pods Resources */ = {
			isa = PBXShellScriptBuildPhase;
			buildActionMask = 2147483647;
			files = (
			);
			inputPaths = (
				"${SRCROOT}/Pods/Target Support Files/Pods-parseChat/Pods-parseChat-resources.sh",
				"${PODS_CONFIGURATION_BUILD_DIR}/Parse/Parse.bundle",
			);
			name = "[CP] Copy Pods Resources";
			outputPaths = (
				"${TARGET_BUILD_DIR}/${UNLOCALIZED_RESOURCES_FOLDER_PATH}/Parse.bundle",
			);
			runOnlyForDeploymentPostprocessing = 0;
			shellPath = /bin/sh;
			shellScript = "\"${SRCROOT}/Pods/Target Support Files/Pods-parseChat/Pods-parseChat-resources.sh\"\n";
			showEnvVarsInLog = 0;
		};
/* End PBXShellScriptBuildPhase section */

/* Begin PBXSourcesBuildPhase section */
		3E6A28FF20F30B54000387E9 /* Sources */ = {
			isa = PBXSourcesBuildPhase;
			buildActionMask = 2147483647;
			files = (
				3E6A297820F31104000387E9 /* LoginViewController.m in Sources */,
				3E6A291620F30B56000387E9 /* main.m in Sources */,
				3E795DBA20F3DE5E00B93B4C /* ChatViewController.m in Sources */,
				3E795DBD20F3E31E00B93B4C /* ChatCell.m in Sources */,
				3E6A290820F30B54000387E9 /* AppDelegate.m in Sources */,
			);
			runOnlyForDeploymentPostprocessing = 0;
		};
		3E6A291720F30B56000387E9 /* Sources */ = {
			isa = PBXSourcesBuildPhase;
			buildActionMask = 2147483647;
			files = (
				3E6A292020F30B56000387E9 /* parseChatTests.m in Sources */,
			);
			runOnlyForDeploymentPostprocessing = 0;
		};
		3E6A292220F30B56000387E9 /* Sources */ = {
			isa = PBXSourcesBuildPhase;
			buildActionMask = 2147483647;
			files = (
				3E6A292B20F30B56000387E9 /* parseChatUITests.m in Sources */,
			);
			runOnlyForDeploymentPostprocessing = 0;
		};
/* End PBXSourcesBuildPhase section */

/* Begin PBXTargetDependency section */
		3E6A291D20F30B56000387E9 /* PBXTargetDependency */ = {
			isa = PBXTargetDependency;
			target = 3E6A290220F30B54000387E9 /* parseChat */;
			targetProxy = 3E6A291C20F30B56000387E9 /* PBXContainerItemProxy */;
		};
		3E6A292820F30B56000387E9 /* PBXTargetDependency */ = {
			isa = PBXTargetDependency;
			target = 3E6A290220F30B54000387E9 /* parseChat */;
			targetProxy = 3E6A292720F30B56000387E9 /* PBXContainerItemProxy */;
		};
/* End PBXTargetDependency section */

/* Begin PBXVariantGroup section */
		3E6A290C20F30B54000387E9 /* Main.storyboard */ = {
			isa = PBXVariantGroup;
			children = (
				3E6A290D20F30B54000387E9 /* Base */,
			);
			name = Main.storyboard;
			sourceTree = "<group>";
		};
		3E6A291120F30B56000387E9 /* LaunchScreen.storyboard */ = {
			isa = PBXVariantGroup;
			children = (
				3E6A291220F30B56000387E9 /* Base */,
			);
			name = LaunchScreen.storyboard;
			sourceTree = "<group>";
		};
/* End PBXVariantGroup section */

/* Begin XCBuildConfiguration section */
		3E6A292D20F30B56000387E9 /* Debug */ = {
			isa = XCBuildConfiguration;
			buildSettings = {
				ALWAYS_SEARCH_USER_PATHS = NO;
				CLANG_ANALYZER_NONNULL = YES;
				CLANG_ANALYZER_NUMBER_OBJECT_CONVERSION = YES_AGGRESSIVE;
				CLANG_CXX_LANGUAGE_STANDARD = "gnu++14";
				CLANG_CXX_LIBRARY = "libc++";
				CLANG_ENABLE_MODULES = YES;
				CLANG_ENABLE_OBJC_ARC = YES;
				CLANG_ENABLE_OBJC_WEAK = YES;
				CLANG_WARN_BLOCK_CAPTURE_AUTORELEASING = YES;
				CLANG_WARN_BOOL_CONVERSION = YES;
				CLANG_WARN_COMMA = YES;
				CLANG_WARN_CONSTANT_CONVERSION = YES;
				CLANG_WARN_DEPRECATED_OBJC_IMPLEMENTATIONS = YES;
				CLANG_WARN_DIRECT_OBJC_ISA_USAGE = YES_ERROR;
				CLANG_WARN_DOCUMENTATION_COMMENTS = YES;
				CLANG_WARN_EMPTY_BODY = YES;
				CLANG_WARN_ENUM_CONVERSION = YES;
				CLANG_WARN_INFINITE_RECURSION = YES;
				CLANG_WARN_INT_CONVERSION = YES;
				CLANG_WARN_NON_LITERAL_NULL_CONVERSION = YES;
				CLANG_WARN_OBJC_IMPLICIT_RETAIN_SELF = YES;
				CLANG_WARN_OBJC_LITERAL_CONVERSION = YES;
				CLANG_WARN_OBJC_ROOT_CLASS = YES_ERROR;
				CLANG_WARN_RANGE_LOOP_ANALYSIS = YES;
				CLANG_WARN_STRICT_PROTOTYPES = YES;
				CLANG_WARN_SUSPICIOUS_MOVE = YES;
				CLANG_WARN_UNGUARDED_AVAILABILITY = YES_AGGRESSIVE;
				CLANG_WARN_UNREACHABLE_CODE = YES;
				CLANG_WARN__DUPLICATE_METHOD_MATCH = YES;
				CODE_SIGN_IDENTITY = "iPhone Developer";
				COPY_PHASE_STRIP = NO;
				DEBUG_INFORMATION_FORMAT = dwarf;
				ENABLE_STRICT_OBJC_MSGSEND = YES;
				ENABLE_TESTABILITY = YES;
				GCC_C_LANGUAGE_STANDARD = gnu11;
				GCC_DYNAMIC_NO_PIC = NO;
				GCC_NO_COMMON_BLOCKS = YES;
				GCC_OPTIMIZATION_LEVEL = 0;
				GCC_PREPROCESSOR_DEFINITIONS = (
					"DEBUG=1",
					"$(inherited)",
				);
				GCC_WARN_64_TO_32_BIT_CONVERSION = YES;
				GCC_WARN_ABOUT_RETURN_TYPE = YES_ERROR;
				GCC_WARN_UNDECLARED_SELECTOR = YES;
				GCC_WARN_UNINITIALIZED_AUTOS = YES_AGGRESSIVE;
				GCC_WARN_UNUSED_FUNCTION = YES;
				GCC_WARN_UNUSED_VARIABLE = YES;
				IPHONEOS_DEPLOYMENT_TARGET = 11.4;
				MTL_ENABLE_DEBUG_INFO = YES;
				ONLY_ACTIVE_ARCH = YES;
				SDKROOT = iphoneos;
			};
			name = Debug;
		};
		3E6A292E20F30B56000387E9 /* Release */ = {
			isa = XCBuildConfiguration;
			buildSettings = {
				ALWAYS_SEARCH_USER_PATHS = NO;
				CLANG_ANALYZER_NONNULL = YES;
				CLANG_ANALYZER_NUMBER_OBJECT_CONVERSION = YES_AGGRESSIVE;
				CLANG_CXX_LANGUAGE_STANDARD = "gnu++14";
				CLANG_CXX_LIBRARY = "libc++";
				CLANG_ENABLE_MODULES = YES;
				CLANG_ENABLE_OBJC_ARC = YES;
				CLANG_ENABLE_OBJC_WEAK = YES;
				CLANG_WARN_BLOCK_CAPTURE_AUTORELEASING = YES;
				CLANG_WARN_BOOL_CONVERSION = YES;
				CLANG_WARN_COMMA = YES;
				CLANG_WARN_CONSTANT_CONVERSION = YES;
				CLANG_WARN_DEPRECATED_OBJC_IMPLEMENTATIONS = YES;
				CLANG_WARN_DIRECT_OBJC_ISA_USAGE = YES_ERROR;
				CLANG_WARN_DOCUMENTATION_COMMENTS = YES;
				CLANG_WARN_EMPTY_BODY = YES;
				CLANG_WARN_ENUM_CONVERSION = YES;
				CLANG_WARN_INFINITE_RECURSION = YES;
				CLANG_WARN_INT_CONVERSION = YES;
				CLANG_WARN_NON_LITERAL_NULL_CONVERSION = YES;
				CLANG_WARN_OBJC_IMPLICIT_RETAIN_SELF = YES;
				CLANG_WARN_OBJC_LITERAL_CONVERSION = YES;
				CLANG_WARN_OBJC_ROOT_CLASS = YES_ERROR;
				CLANG_WARN_RANGE_LOOP_ANALYSIS = YES;
				CLANG_WARN_STRICT_PROTOTYPES = YES;
				CLANG_WARN_SUSPICIOUS_MOVE = YES;
				CLANG_WARN_UNGUARDED_AVAILABILITY = YES_AGGRESSIVE;
				CLANG_WARN_UNREACHABLE_CODE = YES;
				CLANG_WARN__DUPLICATE_METHOD_MATCH = YES;
				CODE_SIGN_IDENTITY = "iPhone Developer";
				COPY_PHASE_STRIP = NO;
				DEBUG_INFORMATION_FORMAT = "dwarf-with-dsym";
				ENABLE_NS_ASSERTIONS = NO;
				ENABLE_STRICT_OBJC_MSGSEND = YES;
				GCC_C_LANGUAGE_STANDARD = gnu11;
				GCC_NO_COMMON_BLOCKS = YES;
				GCC_WARN_64_TO_32_BIT_CONVERSION = YES;
				GCC_WARN_ABOUT_RETURN_TYPE = YES_ERROR;
				GCC_WARN_UNDECLARED_SELECTOR = YES;
				GCC_WARN_UNINITIALIZED_AUTOS = YES_AGGRESSIVE;
				GCC_WARN_UNUSED_FUNCTION = YES;
				GCC_WARN_UNUSED_VARIABLE = YES;
				IPHONEOS_DEPLOYMENT_TARGET = 11.4;
				MTL_ENABLE_DEBUG_INFO = NO;
				SDKROOT = iphoneos;
				VALIDATE_PRODUCT = YES;
			};
			name = Release;
		};
		3E6A293020F30B56000387E9 /* Debug */ = {
			isa = XCBuildConfiguration;
			baseConfigurationReference = C55D74EA96B9246C503A2248 /* Pods-parseChat.debug.xcconfig */;
			buildSettings = {
				ASSETCATALOG_COMPILER_APPICON_NAME = AppIcon;
				CODE_SIGN_STYLE = Automatic;
				DEVELOPMENT_TEAM = BN7TCB94L4;
				INFOPLIST_FILE = parseChat/Info.plist;
				LD_RUNPATH_SEARCH_PATHS = (
					"$(inherited)",
					"@executable_path/Frameworks",
				);
				PRODUCT_BUNDLE_IDENTIFIER = Codepath.parseChat;
				PRODUCT_NAME = "$(TARGET_NAME)";
				TARGETED_DEVICE_FAMILY = "1,2";
			};
			name = Debug;
		};
		3E6A293120F30B56000387E9 /* Release */ = {
			isa = XCBuildConfiguration;
			baseConfigurationReference = 68507CA7A016B7F0789B07BA /* Pods-parseChat.release.xcconfig */;
			buildSettings = {
				ASSETCATALOG_COMPILER_APPICON_NAME = AppIcon;
				CODE_SIGN_STYLE = Automatic;
				DEVELOPMENT_TEAM = BN7TCB94L4;
				INFOPLIST_FILE = parseChat/Info.plist;
				LD_RUNPATH_SEARCH_PATHS = (
					"$(inherited)",
					"@executable_path/Frameworks",
				);
				PRODUCT_BUNDLE_IDENTIFIER = Codepath.parseChat;
				PRODUCT_NAME = "$(TARGET_NAME)";
				TARGETED_DEVICE_FAMILY = "1,2";
			};
			name = Release;
		};
		3E6A293320F30B56000387E9 /* Debug */ = {
			isa = XCBuildConfiguration;
			baseConfigurationReference = D137E4A97149CD4D36AE3B27 /* Pods-parseChatTests.debug.xcconfig */;
			buildSettings = {
				BUNDLE_LOADER = "$(TEST_HOST)";
				CODE_SIGN_STYLE = Automatic;
				INFOPLIST_FILE = parseChatTests/Info.plist;
				LD_RUNPATH_SEARCH_PATHS = (
					"$(inherited)",
					"@executable_path/Frameworks",
					"@loader_path/Frameworks",
				);
				PRODUCT_BUNDLE_IDENTIFIER = Codepath.parseChatTests;
				PRODUCT_NAME = "$(TARGET_NAME)";
				TARGETED_DEVICE_FAMILY = "1,2";
				TEST_HOST = "$(BUILT_PRODUCTS_DIR)/parseChat.app/parseChat";
			};
			name = Debug;
		};
		3E6A293420F30B56000387E9 /* Release */ = {
			isa = XCBuildConfiguration;
			baseConfigurationReference = 56C2084F7271E650A9213CF6 /* Pods-parseChatTests.release.xcconfig */;
			buildSettings = {
				BUNDLE_LOADER = "$(TEST_HOST)";
				CODE_SIGN_STYLE = Automatic;
				INFOPLIST_FILE = parseChatTests/Info.plist;
				LD_RUNPATH_SEARCH_PATHS = (
					"$(inherited)",
					"@executable_path/Frameworks",
					"@loader_path/Frameworks",
				);
				PRODUCT_BUNDLE_IDENTIFIER = Codepath.parseChatTests;
				PRODUCT_NAME = "$(TARGET_NAME)";
				TARGETED_DEVICE_FAMILY = "1,2";
				TEST_HOST = "$(BUILT_PRODUCTS_DIR)/parseChat.app/parseChat";
			};
			name = Release;
		};
		3E6A293620F30B56000387E9 /* Debug */ = {
			isa = XCBuildConfiguration;
			baseConfigurationReference = 42A4829D399FC1F87A946315 /* Pods-parseChatUITests.debug.xcconfig */;
			buildSettings = {
				CODE_SIGN_STYLE = Automatic;
				INFOPLIST_FILE = parseChatUITests/Info.plist;
				LD_RUNPATH_SEARCH_PATHS = (
					"$(inherited)",
					"@executable_path/Frameworks",
					"@loader_path/Frameworks",
				);
				PRODUCT_BUNDLE_IDENTIFIER = Codepath.parseChatUITests;
				PRODUCT_NAME = "$(TARGET_NAME)";
				TARGETED_DEVICE_FAMILY = "1,2";
				TEST_TARGET_NAME = parseChat;
			};
			name = Debug;
		};
		3E6A293720F30B56000387E9 /* Release */ = {
			isa = XCBuildConfiguration;
			baseConfigurationReference = 762ACBADFC8FA77877404E2B /* Pods-parseChatUITests.release.xcconfig */;
			buildSettings = {
				CODE_SIGN_STYLE = Automatic;
				INFOPLIST_FILE = parseChatUITests/Info.plist;
				LD_RUNPATH_SEARCH_PATHS = (
					"$(inherited)",
					"@executable_path/Frameworks",
					"@loader_path/Frameworks",
				);
				PRODUCT_BUNDLE_IDENTIFIER = Codepath.parseChatUITests;
				PRODUCT_NAME = "$(TARGET_NAME)";
				TARGETED_DEVICE_FAMILY = "1,2";
				TEST_TARGET_NAME = parseChat;
			};
			name = Release;
		};
/* End XCBuildConfiguration section */

/* Begin XCConfigurationList section */
		3E6A28FE20F30B54000387E9 /* Build configuration list for PBXProject "parseChat" */ = {
			isa = XCConfigurationList;
			buildConfigurations = (
				3E6A292D20F30B56000387E9 /* Debug */,
				3E6A292E20F30B56000387E9 /* Release */,
			);
			defaultConfigurationIsVisible = 0;
			defaultConfigurationName = Release;
		};
		3E6A292F20F30B56000387E9 /* Build configuration list for PBXNativeTarget "parseChat" */ = {
			isa = XCConfigurationList;
			buildConfigurations = (
				3E6A293020F30B56000387E9 /* Debug */,
				3E6A293120F30B56000387E9 /* Release */,
			);
			defaultConfigurationIsVisible = 0;
			defaultConfigurationName = Release;
		};
		3E6A293220F30B56000387E9 /* Build configuration list for PBXNativeTarget "parseChatTests" */ = {
			isa = XCConfigurationList;
			buildConfigurations = (
				3E6A293320F30B56000387E9 /* Debug */,
				3E6A293420F30B56000387E9 /* Release */,
			);
			defaultConfigurationIsVisible = 0;
			defaultConfigurationName = Release;
		};
		3E6A293520F30B56000387E9 /* Build configuration list for PBXNativeTarget "parseChatUITests" */ = {
			isa = XCConfigurationList;
			buildConfigurations = (
				3E6A293620F30B56000387E9 /* Debug */,
				3E6A293720F30B56000387E9 /* Release */,
			);
			defaultConfigurationIsVisible = 0;
			defaultConfigurationName = Release;
		};
/* End XCConfigurationList section */
	};
	rootObject = 3E6A28FB20F30B54000387E9 /* Project object */;
}
